
Microsoft Visual Studio Solution File, Format Version 12.00
# Visual Studio Version 16
VisualStudioVersion = 16.0.31112.23
MinimumVisualStudioVersion = 10.0.40219.1
Project("{8BC9CEB8-8B4A-11D0-8D11-00A0C91BC942}") = "Musterloesung_u03d_WiSe2022", "Musterloesung_u03d_WiSe2022\Musterloesung_u03d_WiSe2022.vcxproj", "{B8436CCA-99C6-48B4-9F33-05298E4A68FE}"
EndProject
Global
	GlobalSection(SolutionConfigurationPlatforms) = preSolution
		Debug|x64 = Debug|x64
		Debug|x86 = Debug|x86
		Release|x64 = Release|x64
		Release|x86 = Release|x86
	EndGlobalSection
	GlobalSection(ProjectConfigurationPlatforms) = postSolution
		{B8436CCA-99C6-48B4-9F33-05298E4A68FE}.Debug|x64.ActiveCfg = Debug|x64
		{B8436CCA-99C6-48B4-9F33-05298E4A68FE}.Debug|x64.Build.0 = Debug|x64
		{B8436CCA-99C6-48B4-9F33-05298E4A68FE}.Debug|x86.ActiveCfg = Debug|Win32
		{B8436CCA-99C6-48B4-9F33-05298E4A68FE}.Debug|x86.Build.0 = Debug|Win32
		{B8436CCA-99C6-48B4-9F33-05298E4A68FE}.Release|x64.ActiveCfg = Release|x64
		{B8436CCA-99C6-48B4-9F33-05298E4A68FE}.Release|x64.Build.0 = Release|x64
		{B8436CCA-99C6-48B4-9F33-05298E4A68FE}.Release|x86.ActiveCfg = Release|Win32
		{B8436CCA-99C6-48B4-9F33-05298E4A68FE}.Release|x86.Build.0 = Release|Win32
	EndGlobalSection
	GlobalSection(SolutionProperties) = preSolution
		HideSolutionNode = FALSE
	EndGlobalSection
	GlobalSection(ExtensibilityGlobals) = postSolution
		SolutionGuid = {0381AF1C-B176-46DF-B26F-7E5116F8F430}
	EndGlobalSection
EndGlobal
