
Microsoft Visual Studio Solution File, Format Version 12.00
# Visual Studio Version 16
VisualStudioVersion = 16.0.31112.23
MinimumVisualStudioVersion = 10.0.40219.1
Project("{8BC9CEB8-8B4A-11D0-8D11-00A0C91BC942}") = "u06a", "u06a\u06a.vcxproj", "{4E3F9636-5137-4A63-B4BB-6330AA216B26}"
EndProject
Global
	GlobalSection(SolutionConfigurationPlatforms) = preSolution
		Debug|x64 = Debug|x64
		Debug|x86 = Debug|x86
		Release|x64 = Release|x64
		Release|x86 = Release|x86
	EndGlobalSection
	GlobalSection(ProjectConfigurationPlatforms) = postSolution
		{4E3F9636-5137-4A63-B4BB-6330AA216B26}.Debug|x64.ActiveCfg = Debug|x64
		{4E3F9636-5137-4A63-B4BB-6330AA216B26}.Debug|x64.Build.0 = Debug|x64
		{4E3F9636-5137-4A63-B4BB-6330AA216B26}.Debug|x86.ActiveCfg = Debug|Win32
		{4E3F9636-5137-4A63-B4BB-6330AA216B26}.Debug|x86.Build.0 = Debug|Win32
		{4E3F9636-5137-4A63-B4BB-6330AA216B26}.Release|x64.ActiveCfg = Release|x64
		{4E3F9636-5137-4A63-B4BB-6330AA216B26}.Release|x64.Build.0 = Release|x64
		{4E3F9636-5137-4A63-B4BB-6330AA216B26}.Release|x86.ActiveCfg = Release|Win32
		{4E3F9636-5137-4A63-B4BB-6330AA216B26}.Release|x86.Build.0 = Release|Win32
	EndGlobalSection
	GlobalSection(SolutionProperties) = preSolution
		HideSolutionNode = FALSE
	EndGlobalSection
	GlobalSection(ExtensibilityGlobals) = postSolution
		SolutionGuid = {71C35330-4772-4C7D-9CFC-40951EF01AB6}
	EndGlobalSection
EndGlobal
